{
    "name": "tripleTriad",
    "version": "0.0.1",
    "lockfileVersion": 1,
    "requires": true,
    "dependencies": {
        "accepts": {
            "version": "1.0.7",
            "resolved": "https://registry.npmjs.org/accepts/-/accepts-1.0.7.tgz",
            "integrity": "sha1-W1AftPBwQwmWTM2wSBclQSCNqxo=",
            "requires": {
                "mime-types": "~1.0.0",
                "negotiator": "0.4.7"
            }
        },
        "amdefine": {
            "version": "1.0.1",
            "resolved": "https://registry.npmjs.org/amdefine/-/amdefine-1.0.1.tgz",
            "integrity": "sha1-SlKCrBZHKek2Gbz9OtFR+BfOkfU=",
            "optional": true
        },
        "asap": {
            "version": "1.0.0",
            "resolved": "https://registry.npmjs.org/asap/-/asap-1.0.0.tgz",
            "integrity": "sha1-sqRdpf36ILBJb8N2jMJ8EvqRan0="
        },
        "async": {
            "version": "0.2.10",
            "resolved": "https://registry.npmjs.org/async/-/async-0.2.10.tgz",
            "integrity": "sha1-trvgsGdLnXGXCMo43owjfLUmw9E=",
            "optional": true
        },
        "axios": {
            "version": "0.18.0",
            "resolved": "http://registry.npmjs.org/axios/-/axios-0.18.0.tgz",
            "integrity": "sha1-MtU+SFHv3AoRmTts0AB4nXDAUQI=",
            "requires": {
                "follow-redirects": "^1.3.0",
                "is-buffer": "^1.1.5"
            }
        },
        "balanced-match": {
            "version": "1.0.0",
            "resolved": "https://registry.npmjs.org/balanced-match/-/balanced-match-1.0.0.tgz",
            "integrity": "sha1-ibTRmasr7kneFk6gK4nORi1xt2c="
        },
        "body-parser": {
            "version": "1.18.3",
            "resolved": "https://registry.npmjs.org/body-parser/-/body-parser-1.18.3.tgz",
            "integrity": "sha1-WykhmP/dVTs6DyDe0FkrlWlVyLQ=",
            "requires": {
                "bytes": "3.0.0",
                "content-type": "~1.0.4",
                "debug": "2.6.9",
                "depd": "~1.1.2",
                "http-errors": "~1.6.3",
                "iconv-lite": "0.4.23",
                "on-finished": "~2.3.0",
                "qs": "6.5.2",
                "raw-body": "2.3.3",
                "type-is": "~1.6.16"
            },
            "dependencies": {
                "debug": {
                    "version": "2.6.9",
                    "resolved": "https://registry.npmjs.org/debug/-/debug-2.6.9.tgz",
                    "integrity": "sha512-bC7ElrdJaJnPbAP+1EotYvqZsb3ecl5wi6Bfi6BJTUcNowp6cvspg0jXznRTKDjm/E7AdgFBVeAPVMNcKGsHMA==",
                    "requires": {
                        "ms": "2.0.0"
                    }
                },
                "mime-types": {
                    "version": "2.1.20",
                    "resolved": "https://registry.npmjs.org/mime-types/-/mime-types-2.1.20.tgz",
                    "integrity": "sha512-HrkrPaP9vGuWbLK1B1FfgAkbqNjIuy4eHlIYnFi7kamZyLLrGlo2mpcx0bBmNpKqBtYtAfGbodDddIgddSJC2A==",
                    "requires": {
                        "mime-db": "~1.36.0"
                    }
                },
                "ms": {
                    "version": "2.0.0",
                    "resolved": "https://registry.npmjs.org/ms/-/ms-2.0.0.tgz",
                    "integrity": "sha1-VgiurfwAvmwpAd9fmGF4jeDVl8g="
                },
                "qs": {
                    "version": "6.5.2",
                    "resolved": "https://registry.npmjs.org/qs/-/qs-6.5.2.tgz",
                    "integrity": "sha512-N5ZAX4/LxJmF+7wN74pUD6qAh9/wnvdQcjq9TZjevvXzSUo7bfmw91saqMjzGS2xq91/odN2dW/WOl7qQHNDGA=="
                },
                "type-is": {
                    "version": "1.6.16",
                    "resolved": "https://registry.npmjs.org/type-is/-/type-is-1.6.16.tgz",
                    "integrity": "sha512-HRkVv/5qY2G6I8iab9cI7v1bOIdhm94dVjQCPFElW9W+3GeDOSHmy2EBYe4VTApuzolPcmgFTN3ftVJRKR2J9Q==",
                    "requires": {
                        "media-typer": "0.3.0",
                        "mime-types": "~2.1.18"
                    }
                }
            }
        },
        "brace-expansion": {
            "version": "1.1.11",
            "resolved": "https://registry.npmjs.org/brace-expansion/-/brace-expansion-1.1.11.tgz",
            "integrity": "sha512-iCuPHDFgrHX7H2vEI/5xpz07zSHB00TpugqhmYtVmMO6518mCuRMoOYFldEBl0g187ufozdaHgWKcYFb61qGiA==",
            "requires": {
                "balanced-match": "^1.0.0",
                "concat-map": "0.0.1"
            }
        },
        "buffer-crc32": {
            "version": "0.2.3",
            "resolved": "https://registry.npmjs.org/buffer-crc32/-/buffer-crc32-0.2.3.tgz",
            "integrity": "sha1-u1RRnpXRB8vSQA520MqxRnM22SE="
        },
        "buffer-equal-constant-time": {
            "version": "1.0.1",
            "resolved": "https://registry.npmjs.org/buffer-equal-constant-time/-/buffer-equal-constant-time-1.0.1.tgz",
            "integrity": "sha1-+OcRMvf/5uAaXJaXpMbz5I1cyBk="
        },
        "buffer-writer": {
            "version": "1.0.1",
            "resolved": "https://registry.npmjs.org/buffer-writer/-/buffer-writer-1.0.1.tgz",
            "integrity": "sha1-Iqk2kB4wKa/NdUfrRIfOtpejvwg="
        },
        "bytes": {
            "version": "3.0.0",
            "resolved": "https://registry.npmjs.org/bytes/-/bytes-3.0.0.tgz",
            "integrity": "sha1-0ygVQE1olpn4Wk6k+odV3ROpYEg="
        },
        "concat-map": {
            "version": "0.0.1",
            "resolved": "https://registry.npmjs.org/concat-map/-/concat-map-0.0.1.tgz",
            "integrity": "sha1-2Klr13/Wjfd5OnMDajug1UBdR3s="
        },
        "content-type": {
            "version": "1.0.4",
            "resolved": "https://registry.npmjs.org/content-type/-/content-type-1.0.4.tgz",
            "integrity": "sha512-hIP3EEPs8tB9AT1L+NUqtwOAps4mk2Zob89MWXMHjHWg9milF/j4osnnQLXBCBFBk/tvIG/tUc9mOUJiPBhPXA=="
        },
        "cookie": {
            "version": "0.1.2",
            "resolved": "https://registry.npmjs.org/cookie/-/cookie-0.1.2.tgz",
            "integrity": "sha1-cv7D0k5Io0Mgc9kMEmQgBQYQBLE="
        },
        "cookie-signature": {
            "version": "1.0.3",
            "resolved": "https://registry.npmjs.org/cookie-signature/-/cookie-signature-1.0.3.tgz",
            "integrity": "sha1-kc2ZfMUftkFZVzjGnNoCAyj1D/k="
        },
        "crc": {
            "version": "3.4.4",
            "resolved": "https://registry.npmjs.org/crc/-/crc-3.4.4.tgz",
            "integrity": "sha1-naHpgOO9RPxck79as9ozeNheRms="
        },
        "debug": {
            "version": "1.0.2",
            "resolved": "http://registry.npmjs.org/debug/-/debug-1.0.2.tgz",
            "integrity": "sha1-OElZHBDM5khHbDx8Li40FttZY8Q=",
            "requires": {
                "ms": "0.6.2"
            }
        },
        "depd": {
            "version": "1.1.2",
            "resolved": "https://registry.npmjs.org/depd/-/depd-1.1.2.tgz",
            "integrity": "sha1-m81S4UwJd2PnSbJ0xDRu0uVgtak="
        },
        "ecdsa-sig-formatter": {
            "version": "1.0.10",
            "resolved": "https://registry.npmjs.org/ecdsa-sig-formatter/-/ecdsa-sig-formatter-1.0.10.tgz",
            "integrity": "sha1-HFlQAPBKiJffuFAAiSoPTDOvhsM=",
            "requires": {
                "safe-buffer": "^5.0.1"
            }
        },
        "ee-first": {
            "version": "1.0.3",
            "resolved": "https://registry.npmjs.org/ee-first/-/ee-first-1.0.3.tgz",
            "integrity": "sha1-bJjECJq+y1p7hcGsRJqmA9Oz2r4="
        },
        "escape-html": {
            "version": "1.0.1",
            "resolved": "https://registry.npmjs.org/escape-html/-/escape-html-1.0.1.tgz",
            "integrity": "sha1-GBoobq05ejmpKFfPsdQwUuNWv/A="
        },
        "express": {
            "version": "4.4.4",
            "resolved": "http://registry.npmjs.org/express/-/express-4.4.4.tgz",
            "integrity": "sha1-GYv9kxwWzoaeVK9fsFFQZPuOpDE=",
            "requires": {
                "accepts": "~1.0.5",
                "buffer-crc32": "0.2.3",
                "cookie": "0.1.2",
                "cookie-signature": "1.0.3",
                "debug": "1.0.2",
                "escape-html": "1.0.1",
                "fresh": "0.2.2",
                "merge-descriptors": "0.0.2",
                "methods": "1.0.1",
                "parseurl": "1.0.1",
                "path-to-regexp": "0.1.2",
                "proxy-addr": "1.0.1",
                "qs": "0.6.6",
                "range-parser": "1.0.0",
                "send": "0.4.3",
                "serve-static": "1.2.3",
                "type-is": "1.2.1",
                "utils-merge": "1.0.0",
                "vary": "0.1.0"
            }
        },
        "express-handlebars": {
            "version": "1.1.0",
            "resolved": "https://registry.npmjs.org/express-handlebars/-/express-handlebars-1.1.0.tgz",
            "integrity": "sha1-R14YM7URmYAsAWhGQhbEF9axPF0=",
            "requires": {
                "glob": "^4.0.3",
                "graceful-fs": "^3.0.2",
                "handlebars": "^2.0.0",
                "promise": "^6.0.0",
                "semver": "^3.0.1"
            }
        },
        "express-session": {
            "version": "1.15.6",
            "resolved": "https://registry.npmjs.org/express-session/-/express-session-1.15.6.tgz",
            "integrity": "sha512-r0nrHTCYtAMrFwZ0kBzZEXa1vtPVrw0dKvGSrKP4dahwBQ1BJpF2/y1Pp4sCD/0kvxV4zZeclyvfmw0B4RMJQA==",
            "requires": {
                "cookie": "0.3.1",
                "cookie-signature": "1.0.6",
                "crc": "3.4.4",
                "debug": "2.6.9",
                "depd": "~1.1.1",
                "on-headers": "~1.0.1",
                "parseurl": "~1.3.2",
                "uid-safe": "~2.1.5",
                "utils-merge": "1.0.1"
            },
            "dependencies": {
                "cookie": {
                    "version": "0.3.1",
                    "resolved": "https://registry.npmjs.org/cookie/-/cookie-0.3.1.tgz",
                    "integrity": "sha1-5+Ch+e9DtMi6klxcWpboBtFoc7s="
                },
                "cookie-signature": {
                    "version": "1.0.6",
                    "resolved": "https://registry.npmjs.org/cookie-signature/-/cookie-signature-1.0.6.tgz",
                    "integrity": "sha1-4wOogrNCzD7oylE6eZmXNNqzriw="
                },
                "debug": {
                    "version": "2.6.9",
                    "resolved": "https://registry.npmjs.org/debug/-/debug-2.6.9.tgz",
                    "integrity": "sha512-bC7ElrdJaJnPbAP+1EotYvqZsb3ecl5wi6Bfi6BJTUcNowp6cvspg0jXznRTKDjm/E7AdgFBVeAPVMNcKGsHMA==",
                    "requires": {
                        "ms": "2.0.0"
                    }
                },
                "ms": {
                    "version": "2.0.0",
                    "resolved": "https://registry.npmjs.org/ms/-/ms-2.0.0.tgz",
                    "integrity": "sha1-VgiurfwAvmwpAd9fmGF4jeDVl8g="
                },
                "parseurl": {
                    "version": "1.3.2",
                    "resolved": "https://registry.npmjs.org/parseurl/-/parseurl-1.3.2.tgz",
                    "integrity": "sha1-/CidTtiZMRlGDBViUyYs3I3mW/M="
                },
                "utils-merge": {
                    "version": "1.0.1",
                    "resolved": "https://registry.npmjs.org/utils-merge/-/utils-merge-1.0.1.tgz",
                    "integrity": "sha1-n5VxD1CiZ5R7LMwSR0HBAoQn5xM="
                }
            }
        },
        "extend": {
            "version": "3.0.2",
            "resolved": "https://registry.npmjs.org/extend/-/extend-3.0.2.tgz",
            "integrity": "sha512-fjquC59cD7CyW6urNXK0FBufkZcoiGG80wTuPujX590cB5Ttln20E2UB4S/WARVqhXffZl2LNgS+gQdPIIim/g=="
        },
        "finished": {
            "version": "1.2.2",
            "resolved": "https://registry.npmjs.org/finished/-/finished-1.2.2.tgz",
            "integrity": "sha1-QWCOr639ZWg7RqEiC8Sx7D2u3Ng=",
            "requires": {
                "ee-first": "1.0.3"
            }
        },
        "follow-redirects": {
            "version": "1.5.8",
            "resolved": "https://registry.npmjs.org/follow-redirects/-/follow-redirects-1.5.8.tgz",
            "integrity": "sha512-sy1mXPmv7kLAMKW/8XofG7o9T+6gAjzdZK4AJF6ryqQYUa/hnzgiypoeUecZ53x7XiqKNEpNqLtS97MshW2nxg==",
            "requires": {
                "debug": "=3.1.0"
            },
            "dependencies": {
                "debug": {
                    "version": "3.1.0",
                    "resolved": "https://registry.npmjs.org/debug/-/debug-3.1.0.tgz",
                    "integrity": "sha512-OX8XqP7/1a9cqkxYw2yXss15f26NKWBpDXQd0/uK/KPqdQhxbPa994hnzjcE2VqQpDslf55723cKPUOGSmMY3g==",
                    "requires": {
                        "ms": "2.0.0"
                    }
                },
                "ms": {
                    "version": "2.0.0",
                    "resolved": "https://registry.npmjs.org/ms/-/ms-2.0.0.tgz",
                    "integrity": "sha1-VgiurfwAvmwpAd9fmGF4jeDVl8g="
                }
            }
        },
        "fresh": {
            "version": "0.2.2",
            "resolved": "https://registry.npmjs.org/fresh/-/fresh-0.2.2.tgz",
            "integrity": "sha1-lzHc9WeMf660T7kDxPct9VGH+nc="
        },
        "gcp-metadata": {
            "version": "0.6.3",
            "resolved": "http://registry.npmjs.org/gcp-metadata/-/gcp-metadata-0.6.3.tgz",
            "integrity": "sha512-MSmczZctbz91AxCvqp9GHBoZOSbJKAICV7Ow/AIWSJZRrRchUd5NL1b2P4OfP+4m490BEUPhhARfpHdqCxuCvg==",
            "requires": {
                "axios": "^0.18.0",
                "extend": "^3.0.1",
                "retry-axios": "0.3.2"
            }
        },
        "glob": {
            "version": "4.5.3",
            "resolved": "https://registry.npmjs.org/glob/-/glob-4.5.3.tgz",
            "integrity": "sha1-xstz0yJsHv7wTePFbQEvAzd+4V8=",
            "requires": {
                "inflight": "^1.0.4",
                "inherits": "2",
                "minimatch": "^2.0.1",
                "once": "^1.3.0"
            }
        },
        "google-auth-library": {
            "version": "1.6.1",
            "resolved": "https://registry.npmjs.org/google-auth-library/-/google-auth-library-1.6.1.tgz",
            "integrity": "sha512-jYiWC8NA9n9OtQM7ANn0Tk464do9yhKEtaJ72pKcaBiEwn4LwcGYIYOfwtfsSm3aur/ed3tlSxbmg24IAT6gAg==",
            "requires": {
                "axios": "^0.18.0",
                "gcp-metadata": "^0.6.3",
                "gtoken": "^2.3.0",
                "jws": "^3.1.5",
                "lodash.isstring": "^4.0.1",
                "lru-cache": "^4.1.3",
                "retry-axios": "^0.3.2"
            }
        },
        "google-p12-pem": {
            "version": "1.0.2",
            "resolved": "https://registry.npmjs.org/google-p12-pem/-/google-p12-pem-1.0.2.tgz",
            "integrity": "sha512-+EuKr4CLlGsnXx4XIJIVkcKYrsa2xkAmCvxRhX2HsazJzUBAJ35wARGeApHUn4nNfPD03Vl057FskNr20VaCyg==",
            "requires": {
                "node-forge": "^0.7.4",
                "pify": "^3.0.0"
            }
        },
        "googleapis": {
            "version": "33.0.0",
            "resolved": "https://registry.npmjs.org/googleapis/-/googleapis-33.0.0.tgz",
            "integrity": "sha512-yQaGbzqKiSvb/NSUOZ/ieNwjXUxtNLT8PlvxeeRl98jECSLNZAx0XTSHJPv7YNzXm+NST5SNAveBDsjkP1kHlA==",
            "requires": {
                "google-auth-library": "^1.6.0",
                "googleapis-common": "^0.2.0"
            }
        },
        "googleapis-common": {
            "version": "0.2.1",
            "resolved": "https://registry.npmjs.org/googleapis-common/-/googleapis-common-0.2.1.tgz",
            "integrity": "sha512-sBiap6XaxplAv1ZsmhRsZQM+tCEMA1JoZTHw7VZDvr7fUAH56p5SRwn1MV5yaNhbtW5YdOAqxRdUIPYe9bFMjw==",
            "requires": {
                "axios": "^0.18.0",
                "google-auth-library": "^1.6.0",
                "pify": "^3.0.0",
                "qs": "^6.5.2",
                "url-template": "^2.0.8",
                "uuid": "^3.2.1"
            },
            "dependencies": {
                "qs": {
                    "version": "6.5.2",
                    "resolved": "https://registry.npmjs.org/qs/-/qs-6.5.2.tgz",
                    "integrity": "sha512-N5ZAX4/LxJmF+7wN74pUD6qAh9/wnvdQcjq9TZjevvXzSUo7bfmw91saqMjzGS2xq91/odN2dW/WOl7qQHNDGA=="
                }
            }
        },
        "graceful-fs": {
            "version": "3.0.11",
            "resolved": "https://registry.npmjs.org/graceful-fs/-/graceful-fs-3.0.11.tgz",
            "integrity": "sha1-dhPHeKGv6mLyXGMKCG1/Osu92Bg=",
            "requires": {
                "natives": "^1.1.0"
            }
        },
        "gtoken": {
            "version": "2.3.0",
            "resolved": "https://registry.npmjs.org/gtoken/-/gtoken-2.3.0.tgz",
            "integrity": "sha512-Jc9/8mV630cZE9FC5tIlJCZNdUjwunvlwOtCz6IDlaiB4Sz68ki29a1+q97sWTnTYroiuF9B135rod9zrQdHLw==",
            "requires": {
                "axios": "^0.18.0",
                "google-p12-pem": "^1.0.0",
                "jws": "^3.1.4",
                "mime": "^2.2.0",
                "pify": "^3.0.0"
            },
            "dependencies": {
                "mime": {
                    "version": "2.3.1",
                    "resolved": "https://registry.npmjs.org/mime/-/mime-2.3.1.tgz",
                    "integrity": "sha512-OEUllcVoydBHGN1z84yfQDimn58pZNNNXgZlHXSboxMlFvgI6MXSWpWKpFRra7H1HxpVhHTkrghfRW49k6yjeg=="
                }
            }
        },
        "handlebars": {
            "version": "2.0.0",
            "resolved": "http://registry.npmjs.org/handlebars/-/handlebars-2.0.0.tgz",
            "integrity": "sha1-bp1/hRSjRn+l6fgswVjs/B1ax28=",
            "requires": {
                "optimist": "~0.3",
                "uglify-js": "~2.3"
            }
        },
        "http-errors": {
            "version": "1.6.3",
            "resolved": "http://registry.npmjs.org/http-errors/-/http-errors-1.6.3.tgz",
            "integrity": "sha1-i1VoC7S+KDoLW/TqLjhYC+HZMg0=",
            "requires": {
                "depd": "~1.1.2",
                "inherits": "2.0.3",
                "setprototypeof": "1.1.0",
                "statuses": ">= 1.4.0 < 2"
            }
        },
        "iconv-lite": {
            "version": "0.4.23",
            "resolved": "https://registry.npmjs.org/iconv-lite/-/iconv-lite-0.4.23.tgz",
            "integrity": "sha512-neyTUVFtahjf0mB3dZT77u+8O0QB89jFdnBkd5P1JgYPbPaia3gXXOVL2fq8VyU2gMMD7SaN7QukTB/pmXYvDA==",
            "requires": {
                "safer-buffer": ">= 2.1.2 < 3"
            }
        },
        "inflight": {
            "version": "1.0.6",
            "resolved": "https://registry.npmjs.org/inflight/-/inflight-1.0.6.tgz",
            "integrity": "sha1-Sb1jMdfQLQwJvJEKEHW6gWW1bfk=",
            "requires": {
                "once": "^1.3.0",
                "wrappy": "1"
            }
        },
        "inherits": {
            "version": "2.0.3",
            "resolved": "https://registry.npmjs.org/inherits/-/inherits-2.0.3.tgz",
            "integrity": "sha1-Yzwsg+PaQqUC9SRmAiSA9CCCYd4="
        },
        "ipaddr.js": {
            "version": "0.1.2",
            "resolved": "https://registry.npmjs.org/ipaddr.js/-/ipaddr.js-0.1.2.tgz",
            "integrity": "sha1-ah/T2FT1ACllw017vNm0qNSwRn4="
        },
        "is-buffer": {
            "version": "1.1.6",
            "resolved": "https://registry.npmjs.org/is-buffer/-/is-buffer-1.1.6.tgz",
            "integrity": "sha512-NcdALwpXkTm5Zvvbk7owOUSvVvBKDgKP5/ewfXEznmQFfs4ZRmanOeKBTjRVjka3QFoN6XJ+9F3USqfHqTaU5w=="
        },
        "jwa": {
            "version": "1.1.6",
            "resolved": "https://registry.npmjs.org/jwa/-/jwa-1.1.6.tgz",
            "integrity": "sha512-tBO/cf++BUsJkYql/kBbJroKOgHWEigTKBAjjBEmrMGYd1QMBC74Hr4Wo2zCZw6ZrVhlJPvoMrkcOnlWR/DJfw==",
            "requires": {
                "buffer-equal-constant-time": "1.0.1",
                "ecdsa-sig-formatter": "1.0.10",
                "safe-buffer": "^5.0.1"
            }
        },
        "jws": {
            "version": "3.1.5",
            "resolved": "https://registry.npmjs.org/jws/-/jws-3.1.5.tgz",
            "integrity": "sha512-GsCSexFADNQUr8T5HPJvayTjvPIfoyJPtLQBwn5a4WZQchcrPMPMAWcC1AzJVRDKyD6ZPROPAxgv6rfHViO4uQ==",
            "requires": {
                "jwa": "^1.1.5",
                "safe-buffer": "^5.0.1"
            }
        },
        "lodash.isstring": {
            "version": "4.0.1",
            "resolved": "https://registry.npmjs.org/lodash.isstring/-/lodash.isstring-4.0.1.tgz",
            "integrity": "sha1-1SfftUVuynzJu5XV2ur4i6VKVFE="
        },
        "lru-cache": {
            "version": "4.1.3",
            "resolved": "https://registry.npmjs.org/lru-cache/-/lru-cache-4.1.3.tgz",
            "integrity": "sha512-fFEhvcgzuIoJVUF8fYr5KR0YqxD238zgObTps31YdADwPPAp82a4M8TrckkWyx7ekNlf9aBcVn81cFwwXngrJA==",
            "requires": {
                "pseudomap": "^1.0.2",
                "yallist": "^2.1.2"
            }
        },
        "media-typer": {
            "version": "0.3.0",
            "resolved": "https://registry.npmjs.org/media-typer/-/media-typer-0.3.0.tgz",
            "integrity": "sha1-hxDXrwqmJvj/+hzgAWhUUmMlV0g="
        },
        "merge-descriptors": {
            "version": "0.0.2",
            "resolved": "https://registry.npmjs.org/merge-descriptors/-/merge-descriptors-0.0.2.tgz",
            "integrity": "sha1-w2pSp4FDdRPFcnXzndnTF1FKyMc="
        },
        "methods": {
            "version": "1.0.1",
            "resolved": "https://registry.npmjs.org/methods/-/methods-1.0.1.tgz",
            "integrity": "sha1-dbyRlD3/19oDfPPusO1zoAN80Us="
        },
        "mime": {
            "version": "1.2.11",
            "resolved": "https://registry.npmjs.org/mime/-/mime-1.2.11.tgz",
            "integrity": "sha1-WCA+7Ybjpe8XrtK32evUfwpg3RA="
        },
        "mime-db": {
            "version": "1.36.0",
            "resolved": "https://registry.npmjs.org/mime-db/-/mime-db-1.36.0.tgz",
            "integrity": "sha512-L+xvyD9MkoYMXb1jAmzI/lWYAxAMCPvIBSWur0PZ5nOf5euahRLVqH//FKW9mWp2lkqUgYiXPgkzfMUFi4zVDw=="
        },
        "mime-types": {
            "version": "1.0.2",
            "resolved": "https://registry.npmjs.org/mime-types/-/mime-types-1.0.2.tgz",
            "integrity": "sha1-mVrhOSq4r/y/yyZB3QVOlDwNXc4="
        },
        "minimatch": {
            "version": "2.0.10",
            "resolved": "https://registry.npmjs.org/minimatch/-/minimatch-2.0.10.tgz",
            "integrity": "sha1-jQh8OcazjAAbl/ynzm0OHoCvusc=",
            "requires": {
                "brace-expansion": "^1.0.0"
            }
        },
        "ms": {
            "version": "0.6.2",
            "resolved": "https://registry.npmjs.org/ms/-/ms-0.6.2.tgz",
            "integrity": "sha1-2JwhJMb9wTU9Zai3e/GqxLGTcIw="
        },
        "natives": {
            "version": "1.1.5",
            "resolved": "https://registry.npmjs.org/natives/-/natives-1.1.5.tgz",
            "integrity": "sha512-1pJ+02gl2KJgCPFtpZGtuD4lGSJnIZvvFHCQTOeDRMSXjfu2GmYWuhI8NFMA4W2I5NNFRbfy/YCiVt4CgNpP8A=="
        },
        "negotiator": {
            "version": "0.4.7",
            "resolved": "https://registry.npmjs.org/negotiator/-/negotiator-0.4.7.tgz",
            "integrity": "sha1-pBYPcXfsgGc4Yx0NMFIyXaQqvcg="
        },
        "node-forge": {
            "version": "0.7.6",
            "resolved": "https://registry.npmjs.org/node-forge/-/node-forge-0.7.6.tgz",
            "integrity": "sha512-sol30LUpz1jQFBjOKwbjxijiE3b6pjd74YwfD0fJOKPjF+fONKb2Yg8rYgS6+bK6VDl+/wfr4IYpC7jDzLUIfw=="
        },
        "oauth": {
            "version": "0.9.15",
            "resolved": "https://registry.npmjs.org/oauth/-/oauth-0.9.15.tgz",
            "integrity": "sha1-vR/vr2hslrdUda7VGWQS/2DPucE="
        },
        "on-finished": {
            "version": "2.3.0",
            "resolved": "https://registry.npmjs.org/on-finished/-/on-finished-2.3.0.tgz",
            "integrity": "sha1-IPEzZIGwg811M3mSoWlxqi2QaUc=",
            "requires": {
                "ee-first": "1.1.1"
            },
            "dependencies": {
                "ee-first": {
                    "version": "1.1.1",
                    "resolved": "https://registry.npmjs.org/ee-first/-/ee-first-1.1.1.tgz",
                    "integrity": "sha1-WQxhFWsK4vTwJVcyoViyZrxWsh0="
                }
            }
        },
        "on-headers": {
            "version": "1.0.1",
            "resolved": "https://registry.npmjs.org/on-headers/-/on-headers-1.0.1.tgz",
            "integrity": "sha1-ko9dD0cNSTQmUepnlLCFfBAGk/c="
        },
        "once": {
            "version": "1.4.0",
            "resolved": "https://registry.npmjs.org/once/-/once-1.4.0.tgz",
            "integrity": "sha1-WDsap3WWHUsROsF9nFC6753Xa9E=",
            "requires": {
                "wrappy": "1"
            }
        },
        "optimist": {
            "version": "0.3.7",
            "resolved": "https://registry.npmjs.org/optimist/-/optimist-0.3.7.tgz",
            "integrity": "sha1-yQlBrVnkJzMokjB00s8ufLxuwNk=",
            "requires": {
                "wordwrap": "~0.0.2"
            }
        },
        "packet-reader": {
            "version": "0.3.1",
            "resolved": "https://registry.npmjs.org/packet-reader/-/packet-reader-0.3.1.tgz",
            "integrity": "sha1-zWLmCvjX/qinBexP+ZCHHEaHHyc="
        },
        "parseurl": {
            "version": "1.0.1",
            "resolved": "https://registry.npmjs.org/parseurl/-/parseurl-1.0.1.tgz",
            "integrity": "sha1-Llfc5u/dN8NRhwEDCUTCK/OIt7Q="
        },
        "passport": {
            "version": "0.4.0",
            "resolved": "https://registry.npmjs.org/passport/-/passport-0.4.0.tgz",
            "integrity": "sha1-xQlWkTR71a07XhgCOMORTRbwWBE=",
            "requires": {
                "passport-strategy": "1.x.x",
                "pause": "0.0.1"
            }
        },
        "passport-google-oauth": {
            "version": "1.0.0",
            "resolved": "https://registry.npmjs.org/passport-google-oauth/-/passport-google-oauth-1.0.0.tgz",
            "integrity": "sha1-ZfUGMxkq0GJ6GLCJYAdxCdhOt20=",
            "requires": {
                "passport-google-oauth1": "1.x.x",
                "passport-google-oauth20": "1.x.x"
            }
        },
        "passport-google-oauth1": {
            "version": "1.0.0",
            "resolved": "https://registry.npmjs.org/passport-google-oauth1/-/passport-google-oauth1-1.0.0.tgz",
            "integrity": "sha1-r3SoA99R7GRvZqRNgigr5vEI4Mw=",
            "requires": {
                "passport-oauth1": "1.x.x"
            }
        },
        "passport-google-oauth20": {
            "version": "1.0.0",
            "resolved": "https://registry.npmjs.org/passport-google-oauth20/-/passport-google-oauth20-1.0.0.tgz",
            "integrity": "sha1-O5YOih1w0dvnlGFcgnxoxAOSpdA=",
            "requires": {
                "passport-oauth2": "1.x.x"
            }
        },
        "passport-oauth1": {
            "version": "1.1.0",
            "resolved": "https://registry.npmjs.org/passport-oauth1/-/passport-oauth1-1.1.0.tgz",
            "integrity": "sha1-p96YiiEfnPRoc3cTDqdN8ycwyRg=",
            "requires": {
                "oauth": "0.9.x",
                "passport-strategy": "1.x.x",
                "utils-merge": "1.x.x"
            }
        },
        "passport-oauth2": {
            "version": "1.4.0",
            "resolved": "https://registry.npmjs.org/passport-oauth2/-/passport-oauth2-1.4.0.tgz",
            "integrity": "sha1-9i+BWDy+EmCb585vFguTlaJ7hq0=",
            "requires": {
                "oauth": "0.9.x",
                "passport-strategy": "1.x.x",
                "uid2": "0.0.x",
                "utils-merge": "1.x.x"
            }
        },
        "passport-strategy": {
            "version": "1.0.0",
            "resolved": "https://registry.npmjs.org/passport-strategy/-/passport-strategy-1.0.0.tgz",
            "integrity": "sha1-tVOaqPwiWj0a0XlHbd8ja0QPUuQ="
        },
        "path-to-regexp": {
            "version": "0.1.2",
            "resolved": "https://registry.npmjs.org/path-to-regexp/-/path-to-regexp-0.1.2.tgz",
            "integrity": "sha1-mysVH5zDAYye6lDKlXKeBXgXErQ="
        },
        "pause": {
            "version": "0.0.1",
            "resolved": "https://registry.npmjs.org/pause/-/pause-0.0.1.tgz",
            "integrity": "sha1-HUCLP9t2kjuVQ9lvtMnf1TXZy10="
        },
        "pg": {
            "version": "7.4.3",
            "resolved": "https://registry.npmjs.org/pg/-/pg-7.4.3.tgz",
            "integrity": "sha1-97b5P1NA7MJZavu5ShPj1rYJg0s=",
            "requires": {
                "buffer-writer": "1.0.1",
                "packet-reader": "0.3.1",
                "pg-connection-string": "0.1.3",
                "pg-pool": "~2.0.3",
                "pg-types": "~1.12.1",
                "pgpass": "1.x",
                "semver": "4.3.2"
            },
            "dependencies": {
                "semver": {
                    "version": "4.3.2",
                    "resolved": "https://registry.npmjs.org/semver/-/semver-4.3.2.tgz",
                    "integrity": "sha1-x6BxWKgL7dBSNVt3DYLWZA+AO+c="
                }
            }
        },
        "pg-connection-string": {
            "version": "0.1.3",
            "resolved": "https://registry.npmjs.org/pg-connection-string/-/pg-connection-string-0.1.3.tgz",
            "integrity": "sha1-2hhHsglA5C7hSSvq9l1J2RskXfc="
        },
        "pg-pool": {
            "version": "2.0.3",
            "resolved": "https://registry.npmjs.org/pg-pool/-/pg-pool-2.0.3.tgz",
            "integrity": "sha1-wCIDLIlJ8xKk+R+2QJzgQHa+Mlc="
        },
        "pg-types": {
            "version": "1.12.1",
            "resolved": "https://registry.npmjs.org/pg-types/-/pg-types-1.12.1.tgz",
            "integrity": "sha1-1kCH45A7WP+q0nnnWVxSIIoUw9I=",
            "requires": {
                "postgres-array": "~1.0.0",
                "postgres-bytea": "~1.0.0",
                "postgres-date": "~1.0.0",
                "postgres-interval": "^1.1.0"
            }
        },
        "pgpass": {
            "version": "1.0.2",
            "resolved": "https://registry.npmjs.org/pgpass/-/pgpass-1.0.2.tgz",
            "integrity": "sha1-Knu0G2BltnkH6R2hsHwYR8h3swY=",
            "requires": {
                "split": "^1.0.0"
            }
        },
        "pify": {
            "version": "3.0.0",
            "resolved": "https://registry.npmjs.org/pify/-/pify-3.0.0.tgz",
            "integrity": "sha1-5aSs0sEB/fPZpNB/DbxNtJ3SgXY="
        },
        "postgres-array": {
            "version": "1.0.3",
            "resolved": "https://registry.npmjs.org/postgres-array/-/postgres-array-1.0.3.tgz",
            "integrity": "sha512-5wClXrAP0+78mcsNX3/ithQ5exKvCyK5lr5NEEEeGwwM6NJdQgzIJBVxLvRW+huFpX92F2QnZ5CcokH0VhK2qQ=="
        },
        "postgres-bytea": {
            "version": "1.0.0",
            "resolved": "https://registry.npmjs.org/postgres-bytea/-/postgres-bytea-1.0.0.tgz",
            "integrity": "sha1-AntTPAqokOJtFy1Hz5zOzFIazTU="
        },
        "postgres-date": {
            "version": "1.0.3",
            "resolved": "https://registry.npmjs.org/postgres-date/-/postgres-date-1.0.3.tgz",
            "integrity": "sha1-4tiXAu/bJY/52c7g/pG9BpdSV6g="
        },
        "postgres-interval": {
            "version": "1.1.2",
            "resolved": "https://registry.npmjs.org/postgres-interval/-/postgres-interval-1.1.2.tgz",
            "integrity": "sha512-fC3xNHeTskCxL1dC8KOtxXt7YeFmlbTYtn7ul8MkVERuTmf7pI4DrkAxcw3kh1fQ9uz4wQmd03a1mRiXUZChfQ==",
            "requires": {
                "xtend": "^4.0.0"
            }
        },
        "promise": {
            "version": "6.1.0",
            "resolved": "http://registry.npmjs.org/promise/-/promise-6.1.0.tgz",
            "integrity": "sha1-LOcp9rlLRcJoka0GAsXJDgTG7vY=",
            "requires": {
                "asap": "~1.0.0"
            }
        },
        "proxy-addr": {
            "version": "1.0.1",
            "resolved": "https://registry.npmjs.org/proxy-addr/-/proxy-addr-1.0.1.tgz",
            "integrity": "sha1-x8Vm1etOP61n7rnHfFVYzMObiKg=",
            "requires": {
                "ipaddr.js": "0.1.2"
            }
        },
        "pseudomap": {
            "version": "1.0.2",
            "resolved": "https://registry.npmjs.org/pseudomap/-/pseudomap-1.0.2.tgz",
            "integrity": "sha1-8FKijacOYYkX7wqKw0wa5aaChrM="
        },
        "qs": {
            "version": "0.6.6",
            "resolved": "https://registry.npmjs.org/qs/-/qs-0.6.6.tgz",
            "integrity": "sha1-bgFQmP9RlouKPIGQAdXyyJvEsQc="
        },
        "random-bytes": {
            "version": "1.0.0",
            "resolved": "https://registry.npmjs.org/random-bytes/-/random-bytes-1.0.0.tgz",
            "integrity": "sha1-T2ih3Arli9P7lYSMMDJNt11kNgs="
        },
        "range-parser": {
            "version": "1.0.0",
            "resolved": "https://registry.npmjs.org/range-parser/-/range-parser-1.0.0.tgz",
            "integrity": "sha1-pLJkz+C+XONqvjdlrJwqJIdG28A="
        },
        "raw-body": {
            "version": "2.3.3",
            "resolved": "https://registry.npmjs.org/raw-body/-/raw-body-2.3.3.tgz",
            "integrity": "sha512-9esiElv1BrZoI3rCDuOuKCBRbuApGGaDPQfjSflGxdy4oyzqghxu6klEkkVIvBje+FF0BX9coEv8KqW6X/7njw==",
            "requires": {
                "bytes": "3.0.0",
                "http-errors": "1.6.3",
                "iconv-lite": "0.4.23",
                "unpipe": "1.0.0"
            }
        },
        "retry-axios": {
            "version": "0.3.2",
            "resolved": "https://registry.npmjs.org/retry-axios/-/retry-axios-0.3.2.tgz",
            "integrity": "sha512-jp4YlI0qyDFfXiXGhkCOliBN1G7fRH03Nqy8YdShzGqbY5/9S2x/IR6C88ls2DFkbWuL3ASkP7QD3pVrNpPgwQ=="
        },
        "safe-buffer": {
            "version": "5.1.2",
            "resolved": "https://registry.npmjs.org/safe-buffer/-/safe-buffer-5.1.2.tgz",
            "integrity": "sha512-Gd2UZBJDkXlY7GbJxfsE8/nvKkUEU1G38c1siN6QP6a9PT9MmHB8GnpscSmMJSoF8LOIrt8ud/wPtojys4G6+g=="
        },
        "safer-buffer": {
            "version": "2.1.2",
            "resolved": "https://registry.npmjs.org/safer-buffer/-/safer-buffer-2.1.2.tgz",
            "integrity": "sha512-YZo3K82SD7Riyi0E1EQPojLz7kpepnSQI9IyPbHHg1XXXevb5dJI7tpyN2ADxGcQbHG7vcyRHk0cbwqcQriUtg=="
        },
        "semver": {
            "version": "3.0.1",
            "resolved": "https://registry.npmjs.org/semver/-/semver-3.0.1.tgz",
            "integrity": "sha1-cgrAElFaJS+R+w3S6ZpWpw1s8Hg="
        },
        "send": {
            "version": "0.4.3",
            "resolved": "https://registry.npmjs.org/send/-/send-0.4.3.tgz",
            "integrity": "sha1-lieyO3cH+/Y3ODHKxXkzMLWUtkA=",
            "requires": {
                "debug": "1.0.2",
                "escape-html": "1.0.1",
                "finished": "1.2.2",
                "fresh": "0.2.2",
                "mime": "1.2.11",
                "range-parser": "~1.0.0"
            }
        },
        "serve-static": {
            "version": "1.2.3",
            "resolved": "https://registry.npmjs.org/serve-static/-/serve-static-1.2.3.tgz",
            "integrity": "sha1-k87Lw0Dweey4WJKB0dwxwmwM0Vg=",
            "requires": {
                "escape-html": "1.0.1",
                "parseurl": "1.0.1",
                "send": "0.4.3"
            }
        },
        "setprototypeof": {
            "version": "1.1.0",
            "resolved": "https://registry.npmjs.org/setprototypeof/-/setprototypeof-1.1.0.tgz",
            "integrity": "sha512-BvE/TwpZX4FXExxOxZyRGQQv651MSwmWKZGqvmPcRIjDqWub67kTKuIMx43cZZrS/cBBzwBcNDWoFxt2XEFIpQ=="
        },
        "source-map": {
            "version": "0.1.43",
            "resolved": "https://registry.npmjs.org/source-map/-/source-map-0.1.43.tgz",
            "integrity": "sha1-wkvBRspRfBRx9drL4lcbK3+eM0Y=",
            "optional": true,
            "requires": {
                "amdefine": ">=0.0.4"
            }
        },
        "split": {
            "version": "1.0.1",
            "resolved": "https://registry.npmjs.org/split/-/split-1.0.1.tgz",
            "integrity": "sha512-mTyOoPbrivtXnwnIxZRFYRrPNtEFKlpB2fvjSnCQUiAA6qAZzqwna5envK4uk6OIeP17CsdF3rSBGYVBsU0Tkg==",
            "requires": {
                "through": "2"
            }
        },
        "statuses": {
            "version": "1.5.0",
            "resolved": "https://registry.npmjs.org/statuses/-/statuses-1.5.0.tgz",
            "integrity": "sha1-Fhx9rBd2Wf2YEfQ3cfqZOBR4Yow="
        },
        "through": {
            "version": "2.3.8",
            "resolved": "http://registry.npmjs.org/through/-/through-2.3.8.tgz",
            "integrity": "sha1-DdTJ/6q8NXlgsbckEV1+Doai4fU="
        },
        "type-is": {
            "version": "1.2.1",
            "resolved": "https://registry.npmjs.org/type-is/-/type-is-1.2.1.tgz",
            "integrity": "sha1-c9RICApPHdGKyx7v/2KWjFtdVKI=",
            "requires": {
                "mime-types": "1.0.0"
            },
            "dependencies": {
                "mime-types": {
                    "version": "1.0.0",
                    "resolved": "https://registry.npmjs.org/mime-types/-/mime-types-1.0.0.tgz",
                    "integrity": "sha1-antKavLn2S+Xr+A/BHx4AejwAdI="
                }
            }
        },
        "uglify-js": {
            "version": "2.3.6",
            "resolved": "http://registry.npmjs.org/uglify-js/-/uglify-js-2.3.6.tgz",
            "integrity": "sha1-+gmEdwtCi3qbKoBY9GNV0U/vIRo=",
            "optional": true,
            "requires": {
                "async": "~0.2.6",
                "optimist": "~0.3.5",
                "source-map": "~0.1.7"
            }
        },
        "uid-safe": {
            "version": "2.1.5",
            "resolved": "https://registry.npmjs.org/uid-safe/-/uid-safe-2.1.5.tgz",
            "integrity": "sha512-KPHm4VL5dDXKz01UuEd88Df+KzynaohSL9fBh096KWAxSKZQDI2uBrVqtvRM4rwrIrRRKsdLNML/lnaaVSRioA==",
            "requires": {
                "random-bytes": "~1.0.0"
            }
        },
        "uid2": {
            "version": "0.0.3",
            "resolved": "https://registry.npmjs.org/uid2/-/uid2-0.0.3.tgz",
            "integrity": "sha1-SDEm4Rd03y9xuLY53NeZw3YWK4I="
        },
        "unpipe": {
            "version": "1.0.0",
            "resolved": "https://registry.npmjs.org/unpipe/-/unpipe-1.0.0.tgz",
            "integrity": "sha1-sr9O6FFKrmFltIF4KdIbLvSZBOw="
        },
        "url-template": {
            "version": "2.0.8",
            "resolved": "https://registry.npmjs.org/url-template/-/url-template-2.0.8.tgz",
            "integrity": "sha1-/FZaPMy/93MMd19WQflVV5FDnyE="
        },
        "utils-merge": {
            "version": "1.0.0",
            "resolved": "https://registry.npmjs.org/utils-merge/-/utils-merge-1.0.0.tgz",
            "integrity": "sha1-ApT7kiu5N1FTVBxPcJYjHyh8ivg="
        },
        "uuid": {
            "version": "3.3.2",
            "resolved": "https://registry.npmjs.org/uuid/-/uuid-3.3.2.tgz",
            "integrity": "sha512-yXJmeNaw3DnnKAOKJE51sL/ZaYfWJRl1pK9dr19YFCu0ObS231AB1/LbqTKRAQ5kw8A90rA6fr4riOUpTZvQZA=="
        },
        "vary": {
            "version": "0.1.0",
            "resolved": "https://registry.npmjs.org/vary/-/vary-0.1.0.tgz",
            "integrity": "sha1-3wlFiZ6TwMxb0YzIMh2dIedPYXY="
        },
        "wordwrap": {
            "version": "0.0.3",
            "resolved": "https://registry.npmjs.org/wordwrap/-/wordwrap-0.0.3.tgz",
            "integrity": "sha1-o9XabNXAvAAI03I0u68b7WMFkQc="
        },
        "wrappy": {
            "version": "1.0.2",
            "resolved": "https://registry.npmjs.org/wrappy/-/wrappy-1.0.2.tgz",
            "integrity": "sha1-tSQ9jz7BqjXxNkYFvA0QNuMKtp8="
        },
        "xtend": {
            "version": "4.0.1",
            "resolved": "https://registry.npmjs.org/xtend/-/xtend-4.0.1.tgz",
            "integrity": "sha1-pcbVMr5lbiPbgg77lDofBJmNY68="
        },
        "yallist": {
            "version": "2.1.2",
            "resolved": "https://registry.npmjs.org/yallist/-/yallist-2.1.2.tgz",
            "integrity": "sha1-HBH5IY8HYImkfdUS+TxmmaaoHVI="
        }
    }
}
